github.com/gohugoio/hugo-mod-bootstrap-scss/v5 v5.20300.20200 h1:SmpwwN3DNzJWbV+IT8gaFu07ENUFpCvKou5BHYUKuVs=
github.com/gohugoio/hugo-mod-bootstrap-scss/v5 v5.20300.20200/go.mod h1:kx8MBj9T7SFR8ZClWvKZPmmUxBaltkoXvnWlZZcSnYA=
github.com/gohugoio/hugo-mod-jslibs-dist/popperjs/v2 v2.21100.20000 h1:GZxx4Hc+yb0/t3/rau1j8XlAxLE4CyXns2fqQbyqWfs=
github.com/gohugoio/hugo-mod-jslibs-dist/popperjs/v2 v2.21100.20000/go.mod h1:mFberT6ZtcchrsDtfvJM7aAH2bDKLdOnruUHl0hlapI=
github.com/splatrac/chillpreneur v0.0.0-20240926081448-39dbba55a131 h1:S6nPF26O1Hcr9D1ZH+0CiNuWxaWkxULcwkybkWymdIs=
github.com/splatrac/chillpreneur v0.0.0-20240926081448-39dbba55a131/go.mod h1:CK5WgFlrl0e3QBFdmQrGEItNKGQ0UFWj0zedHMdV2iE=
github.com/splatrac/chillpreneur v0.0.0-20240926084224-257f4988c706 h1:DKdM1TAzEQ7V6fmg+Fxx8dhLprabzjK3MSHh+VtkXZY=
github.com/splatrac/chillpreneur v0.0.0-20240926084224-257f4988c706/go.mod h1:CK5WgFlrl0e3QBFdmQrGEItNKGQ0UFWj0zedHMdV2iE=
github.com/splatrac/chillpreneur v0.0.0-20240926085358-d4f19fb4461d h1:/kC/e+UL/eusQSYi20bzKCnv0ZFEuIPvsz8qBMUG0cU=
github.com/splatrac/chillpreneur v0.0.0-20240926085358-d4f19fb4461d/go.mod h1:CK5WgFlrl0e3QBFdmQrGEItNKGQ0UFWj0zedHMdV2iE=
github.com/splatrac/chillpreneur v0.0.0-20240926092456-974094d6d648 h1:e16dItweByIujCQkKKMcvjkDzItFnSIqjCk6IOgB2ag=
github.com/splatrac/chillpreneur v0.0.0-20240926092456-974094d6d648/go.mod h1:CK5WgFlrl0e3QBFdmQrGEItNKGQ0UFWj0zedHMdV2iE=
github.com/splatrac/chillpreneur v0.0.0-20240926092707-5cd5b5c4680a h1:5qKXz3aeTqiRqiwWk9KsoU1TjYmxsXN5EVmgPiYP75Y=
github.com/splatrac/chillpreneur v0.0.0-20240926092707-5cd5b5c4680a/go.mod h1:CK5WgFlrl0e3QBFdmQrGEItNKGQ0UFWj0zedHMdV2iE=
github.com/splatrac/chillpreneur v0.0.0-20240926094218-5b9d24f46020 h1:5dkwnzJC0Rz+F2u0cFpZFfUFGxewD6tJtV6Rx3CCyq4=
github.com/splatrac/chillpreneur v0.0.0-20240926094218-5b9d24f46020/go.mod h1:CK5WgFlrl0e3QBFdmQrGEItNKGQ0UFWj0zedHMdV2iE=
github.com/splatrac/chillpreneur v0.0.0-20240926095641-42c7bd5a4526 h1:Bd0A95WQnKrvIqd/EeTjew2OQLbsMSKbCt+DhcqOBCE=
github.com/splatrac/chillpreneur v0.0.0-20240926095641-42c7bd5a4526/go.mod h1:CK5WgFlrl0e3QBFdmQrGEItNKGQ0UFWj0zedHMdV2iE=
github.com/splatrac/chillpreneur v0.0.0-20240926100539-1d703782ade4 h1:TAJMTeC3eVxugGiIDyPGgC3TcsnJ5ikTSSLQKWOIkH8=
github.com/splatrac/chillpreneur v0.0.0-20240926100539-1d703782ade4/go.mod h1:CK5WgFlrl0e3QBFdmQrGEItNKGQ0UFWj0zedHMdV2iE=
github.com/splatrac/chillpreneur v0.0.0-20240926103333-8a2ba438fb4f h1:U/grPG4z8v+NabGLKEowCABMp+7tZUkyBGLGwaanZR0=
github.com/splatrac/chillpreneur v0.0.0-20240926103333-8a2ba438fb4f/go.mod h1:CK5WgFlrl0e3QBFdmQrGEItNKGQ0UFWj0zedHMdV2iE=
github.com/splatrac/chillpreneur v0.0.0-20240926103856-afcc3c7dd143 h1:bIRkyorRZZQ7neC2+p/LqQRayh8zKLM7vJKgbMzUOLA=
github.com/splatrac/chillpreneur v0.0.0-20240926103856-afcc3c7dd143/go.mod h1:CK5WgFlrl0e3QBFdmQrGEItNKGQ0UFWj0zedHMdV2iE=
github.com/splatrac/chillpreneur v0.0.0-20240926121926-08ce97b11151 h1:Jc9MDO/98NJy82DvfzKC7YijX95BZ+1TmhYRobamk2s=
github.com/splatrac/chillpreneur v0.0.0-20240926121926-08ce97b11151/go.mod h1:CK5WgFlrl0e3QBFdmQrGEItNKGQ0UFWj0zedHMdV2iE=
github.com/splatrac/chillpreneur v0.0.0-20240926133745-62960437d6b2 h1:urPVSTf0VCn55dj0qYd7YQ2AEgEtu2N7TEGsqLXLp4A=
github.com/splatrac/chillpreneur v0.0.0-20240926133745-62960437d6b2/go.mod h1:CK5WgFlrl0e3QBFdmQrGEItNKGQ0UFWj0zedHMdV2iE=
github.com/splatrac/chillpreneur v0.0.0-20240926133849-acf406d527ee h1:lahDNZuwRWq084Xs2+2sAC0WfyYW1puS4WX/JW9amBY=
github.com/splatrac/chillpreneur v0.0.0-20240926133849-acf406d527ee/go.mod h1:CK5WgFlrl0e3QBFdmQrGEItNKGQ0UFWj0zedHMdV2iE=
github.com/splatrac/chillpreneur v0.0.0-20240926134206-e2a1edb06ea5 h1:Y0pW5G0fYrSsXi0pL2yLjlepSD620P2OcNDnoMAxdyA=
github.com/splatrac/chillpreneur v0.0.0-20240926134206-e2a1edb06ea5/go.mod h1:CK5WgFlrl0e3QBFdmQrGEItNKGQ0UFWj0zedHMdV2iE=
github.com/splatrac/chillpreneur v0.0.0-20240926135105-c2811532fca5 h1:6/EFgjqSo3I9oY9LpkG9dUbsWDu2PKaNZ3Zh6I1ubzE=
github.com/splatrac/chillpreneur v0.0.0-20240926135105-c2811532fca5/go.mod h1:CK5WgFlrl0e3QBFdmQrGEItNKGQ0UFWj0zedHMdV2iE=
github.com/splatrac/chillpreneur v0.0.0-20240926141041-9c0908207d72 h1:GJpxNxCvkePlA+UfCq7EpZriSm/dX+nAwp301LJ+PS8=
github.com/splatrac/chillpreneur v0.0.0-20240926141041-9c0908207d72/go.mod h1:CK5WgFlrl0e3QBFdmQrGEItNKGQ0UFWj0zedHMdV2iE=
github.com/splatrac/chillpreneur v0.0.0-20240926141137-efcb90f673e5 h1:l3cqE3rfmUpA0Ylmi0yiSWxxWn7n7aKtif9uvJxZW7I=
github.com/splatrac/chillpreneur v0.0.0-20240926141137-efcb90f673e5/go.mod h1:CK5WgFlrl0e3QBFdmQrGEItNKGQ0UFWj0zedHMdV2iE=
github.com/splatrac/chillpreneur v0.0.0-20240926142042-56ad6639115b h1:dMhQzUkpYkv505vhuG8yjG3s9jz4nuDwQuiggaCwFr0=
github.com/splatrac/chillpreneur v0.0.0-20240926142042-56ad6639115b/go.mod h1:CK5WgFlrl0e3QBFdmQrGEItNKGQ0UFWj0zedHMdV2iE=
github.com/splatrac/chillpreneur v0.0.0-20240926142218-2bb95439f3d3 h1:aTZIWEiQf5sH59pnKw+MWKUOZXePXuydmM07dj9O7QY=
github.com/splatrac/chillpreneur v0.0.0-20240926142218-2bb95439f3d3/go.mod h1:CK5WgFlrl0e3QBFdmQrGEItNKGQ0UFWj0zedHMdV2iE=
github.com/twbs/bootstrap v5.3.2+incompatible/go.mod h1:fZTSrkpSf0/HkL0IIJzvVspTt1r9zuf7XlZau8kpcY0=
github.com/twbs/bootstrap v5.3.3+incompatible h1:goFoqinzdHfkeegpFP7pvhbd0g+A3O2hbU3XCjuNrEQ=
github.com/twbs/bootstrap v5.3.3+incompatible/go.mod h1:fZTSrkpSf0/HkL0IIJzvVspTt1r9zuf7XlZau8kpcY0=
